Microsoft Visual Studio Solution File, Format Version 12.00
# Visual Studio Version 17
VisualStudioVersion = 17.5.2.0
MinimumVisualStudioVersion = 10.0.40219.1
Project("{FAE04EC0-301F-11D3-BF4B-00C04F79EFBC}") = "PokerGame", "PokerGame.csproj", "{60A0A013-146A-F73A-48AD-624D4A22F75B}"
EndProject
Global
	GlobalSection(SolutionConfigurationPlatforms) = preSolution
		Debug|Any CPU = Debug|Any CPU
		Release|Any CPU = Release|Any CPU
	EndGlobalSection
	GlobalSection(ProjectConfigurationPlatforms) = postSolution
		{60A0A013-146A-F73A-48AD-624D4A22F75B}.Debug|Any CPU.ActiveCfg = Debug|Any CPU
		{60A0A013-146A-F73A-48AD-624D4A22F75B}.Debug|Any CPU.Build.0 = Debug|Any CPU
		{60A0A013-146A-F73A-48AD-624D4A22F75B}.Release|Any CPU.ActiveCfg = Release|Any CPU
		{60A0A013-146A-F73A-48AD-624D4A22F75B}.Release|Any CPU.Build.0 = Release|Any CPU
	EndGlobalSection
	GlobalSection(SolutionProperties) = preSolution
		HideSolutionNode = FALSE
	EndGlobalSection
	GlobalSection(ExtensibilityGlobals) = postSolution
		SolutionGuid = {BB35ED0F-B0D0-4836-9AB8-1A3912130F17}
	EndGlobalSection
EndGlobal
